# yaml-language-server: $schema=../schema.json
imports:
  - path: "apmodel.activity.ignore"
    name: "Ignore"

classes:
  Block:
    extends: Ignore
    description: Indicates that the actor is blocking the object. Blocking is a stronger form of Ignore. The typical use is to support social systems that allow one user to block activities or content of other users. The target and origin typically have no defined meaning.
    mixins: